
Microsoft Visual Studio Solution File, Format Version 12.00
# Visual Studio Version 16
VisualStudioVersion = 16.0.30320.27
MinimumVisualStudioVersion = 10.0.40219.1
Project("{FAE04EC0-301F-11D3-BF4B-00C04F79EFBC}") = "ProjectBilling.DataAccess", "ProjectBilling.DataAccess\ProjectBilling.DataAccess.csproj", "{6F38F0FD-30E0-4D85-A14E-D28B34718CD0}"
EndProject
Project("{FAE04EC0-301F-11D3-BF4B-00C04F79EFBC}") = "ProjectBilling.Monolithic", "ProjectBilling.Monolithic\ProjectBilling.Monolithic.csproj", "{08C5EE2C-D28F-4B7E-B164-10377605894E}"
EndProject
Project("{FAE04EC0-301F-11D3-BF4B-00C04F79EFBC}") = "ProjectBilling.MVC", "ProjectBilling.UI\ProjectBilling.MVC.csproj", "{3447CEA3-71D3-4B66-89ED-890BDECA7419}"
EndProject
Project("{FAE04EC0-301F-11D3-BF4B-00C04F79EFBC}") = "ProjectBilling.MVP", "ProjectBilling.MVP\ProjectBilling.MVP.csproj", "{0930637C-DBC4-45B0-8B2D-1E383B8E3681}"
EndProject
Global
	GlobalSection(SolutionConfigurationPlatforms) = preSolution
		Debug|Any CPU = Debug|Any CPU
		Release|Any CPU = Release|Any CPU
	EndGlobalSection
	GlobalSection(ProjectConfigurationPlatforms) = postSolution
		{6F38F0FD-30E0-4D85-A14E-D28B34718CD0}.Debug|Any CPU.ActiveCfg = Debug|Any CPU
		{6F38F0FD-30E0-4D85-A14E-D28B34718CD0}.Debug|Any CPU.Build.0 = Debug|Any CPU
		{6F38F0FD-30E0-4D85-A14E-D28B34718CD0}.Release|Any CPU.ActiveCfg = Release|Any CPU
		{6F38F0FD-30E0-4D85-A14E-D28B34718CD0}.Release|Any CPU.Build.0 = Release|Any CPU
		{08C5EE2C-D28F-4B7E-B164-10377605894E}.Debug|Any CPU.ActiveCfg = Debug|Any CPU
		{08C5EE2C-D28F-4B7E-B164-10377605894E}.Debug|Any CPU.Build.0 = Debug|Any CPU
		{08C5EE2C-D28F-4B7E-B164-10377605894E}.Release|Any CPU.ActiveCfg = Release|Any CPU
		{08C5EE2C-D28F-4B7E-B164-10377605894E}.Release|Any CPU.Build.0 = Release|Any CPU
		{3447CEA3-71D3-4B66-89ED-890BDECA7419}.Debug|Any CPU.ActiveCfg = Debug|Any CPU
		{3447CEA3-71D3-4B66-89ED-890BDECA7419}.Debug|Any CPU.Build.0 = Debug|Any CPU
		{3447CEA3-71D3-4B66-89ED-890BDECA7419}.Release|Any CPU.ActiveCfg = Release|Any CPU
		{3447CEA3-71D3-4B66-89ED-890BDECA7419}.Release|Any CPU.Build.0 = Release|Any CPU
		{0930637C-DBC4-45B0-8B2D-1E383B8E3681}.Debug|Any CPU.ActiveCfg = Debug|Any CPU
		{0930637C-DBC4-45B0-8B2D-1E383B8E3681}.Debug|Any CPU.Build.0 = Debug|Any CPU
		{0930637C-DBC4-45B0-8B2D-1E383B8E3681}.Release|Any CPU.ActiveCfg = Release|Any CPU
		{0930637C-DBC4-45B0-8B2D-1E383B8E3681}.Release|Any CPU.Build.0 = Release|Any CPU
	EndGlobalSection
	GlobalSection(SolutionProperties) = preSolution
		HideSolutionNode = FALSE
	EndGlobalSection
	GlobalSection(ExtensibilityGlobals) = postSolution
		SolutionGuid = {20569718-5D4E-49A6-8CD6-69FA6E9C2FFD}
	EndGlobalSection
EndGlobal
