
Microsoft Visual Studio Solution File, Format Version 12.00
# Visual Studio Version 16
VisualStudioVersion = 16.0.30320.27
MinimumVisualStudioVersion = 10.0.40219.1
Project("{FAE04EC0-301F-11D3-BF4B-00C04F79EFBC}") = "MVVM_Habr", "MVVM_Habr\MVVM_Habr.csproj", "{2ADB3A16-FDEC-499C-9EE6-7AAEB701A99F}"
EndProject
Global
	GlobalSection(SolutionConfigurationPlatforms) = preSolution
		Debug|Any CPU = Debug|Any CPU
		Release|Any CPU = Release|Any CPU
	EndGlobalSection
	GlobalSection(ProjectConfigurationPlatforms) = postSolution
		{2ADB3A16-FDEC-499C-9EE6-7AAEB701A99F}.Debug|Any CPU.ActiveCfg = Debug|Any CPU
		{2ADB3A16-FDEC-499C-9EE6-7AAEB701A99F}.Debug|Any CPU.Build.0 = Debug|Any CPU
		{2ADB3A16-FDEC-499C-9EE6-7AAEB701A99F}.Release|Any CPU.ActiveCfg = Release|Any CPU
		{2ADB3A16-FDEC-499C-9EE6-7AAEB701A99F}.Release|Any CPU.Build.0 = Release|Any CPU
	EndGlobalSection
	GlobalSection(SolutionProperties) = preSolution
		HideSolutionNode = FALSE
	EndGlobalSection
	GlobalSection(ExtensibilityGlobals) = postSolution
		SolutionGuid = {3F73526B-EA60-4976-B6E8-31175FA4777F}
	EndGlobalSection
EndGlobal
