
Microsoft Visual Studio Solution File, Format Version 12.00
# Visual Studio Version 16
VisualStudioVersion = 16.0.30320.27
MinimumVisualStudioVersion = 10.0.40219.1
Project("{FAE04EC0-301F-11D3-BF4B-00C04F79EFBC}") = "MVVM_Habr.WPF_v1", "MVVM_Habr.WPF\MVVM_Habr.WPF_v1.csproj", "{AB4C6CED-5D09-4400-A095-982419487B1B}"
EndProject
Project("{FAE04EC0-301F-11D3-BF4B-00C04F79EFBC}") = "MVVM_Habr.BL_v1", "MVVM_Habr.BL\MVVM_Habr.BL_v1.csproj", "{45804BBB-D3D5-4CBB-AA67-7F07C790BC4F}"
EndProject
Project("{FAE04EC0-301F-11D3-BF4B-00C04F79EFBC}") = "MVVM_Habr.WPF_v2", "MVVM_Habr.WPF_v2\MVVM_Habr.WPF_v2.csproj", "{A5080D3F-99EC-44D2-A3CD-AA0AB057354C}"
EndProject
Project("{FAE04EC0-301F-11D3-BF4B-00C04F79EFBC}") = "MVVM_Habr.BL_v2", "MVVM_Habr.BL_v2\MVVM_Habr.BL_v2.csproj", "{B560A449-FA0F-4081-A2DB-81A527BC7ED6}"
EndProject
Project("{2150E333-8FDC-42A3-9474-1A3956D46DE8}") = "v1", "v1", "{42B1E07D-A195-4115-A8F3-AD6208D686CB}"
EndProject
Project("{2150E333-8FDC-42A3-9474-1A3956D46DE8}") = "v2", "v2", "{00A86F3E-8198-49C8-85E4-52DFA49577C5}"
EndProject
Global
	GlobalSection(SolutionConfigurationPlatforms) = preSolution
		Debug|Any CPU = Debug|Any CPU
		Release|Any CPU = Release|Any CPU
	EndGlobalSection
	GlobalSection(ProjectConfigurationPlatforms) = postSolution
		{AB4C6CED-5D09-4400-A095-982419487B1B}.Debug|Any CPU.ActiveCfg = Debug|Any CPU
		{AB4C6CED-5D09-4400-A095-982419487B1B}.Debug|Any CPU.Build.0 = Debug|Any CPU
		{AB4C6CED-5D09-4400-A095-982419487B1B}.Release|Any CPU.ActiveCfg = Release|Any CPU
		{AB4C6CED-5D09-4400-A095-982419487B1B}.Release|Any CPU.Build.0 = Release|Any CPU
		{45804BBB-D3D5-4CBB-AA67-7F07C790BC4F}.Debug|Any CPU.ActiveCfg = Debug|Any CPU
		{45804BBB-D3D5-4CBB-AA67-7F07C790BC4F}.Debug|Any CPU.Build.0 = Debug|Any CPU
		{45804BBB-D3D5-4CBB-AA67-7F07C790BC4F}.Release|Any CPU.ActiveCfg = Release|Any CPU
		{45804BBB-D3D5-4CBB-AA67-7F07C790BC4F}.Release|Any CPU.Build.0 = Release|Any CPU
		{A5080D3F-99EC-44D2-A3CD-AA0AB057354C}.Debug|Any CPU.ActiveCfg = Debug|Any CPU
		{A5080D3F-99EC-44D2-A3CD-AA0AB057354C}.Debug|Any CPU.Build.0 = Debug|Any CPU
		{A5080D3F-99EC-44D2-A3CD-AA0AB057354C}.Release|Any CPU.ActiveCfg = Release|Any CPU
		{A5080D3F-99EC-44D2-A3CD-AA0AB057354C}.Release|Any CPU.Build.0 = Release|Any CPU
		{B560A449-FA0F-4081-A2DB-81A527BC7ED6}.Debug|Any CPU.ActiveCfg = Debug|Any CPU
		{B560A449-FA0F-4081-A2DB-81A527BC7ED6}.Debug|Any CPU.Build.0 = Debug|Any CPU
		{B560A449-FA0F-4081-A2DB-81A527BC7ED6}.Release|Any CPU.ActiveCfg = Release|Any CPU
		{B560A449-FA0F-4081-A2DB-81A527BC7ED6}.Release|Any CPU.Build.0 = Release|Any CPU
	EndGlobalSection
	GlobalSection(SolutionProperties) = preSolution
		HideSolutionNode = FALSE
	EndGlobalSection
	GlobalSection(NestedProjects) = preSolution
		{AB4C6CED-5D09-4400-A095-982419487B1B} = {42B1E07D-A195-4115-A8F3-AD6208D686CB}
		{45804BBB-D3D5-4CBB-AA67-7F07C790BC4F} = {42B1E07D-A195-4115-A8F3-AD6208D686CB}
		{A5080D3F-99EC-44D2-A3CD-AA0AB057354C} = {00A86F3E-8198-49C8-85E4-52DFA49577C5}
		{B560A449-FA0F-4081-A2DB-81A527BC7ED6} = {00A86F3E-8198-49C8-85E4-52DFA49577C5}
	EndGlobalSection
	GlobalSection(ExtensibilityGlobals) = postSolution
		SolutionGuid = {3F73526B-EA60-4976-B6E8-31175FA4777F}
	EndGlobalSection
EndGlobal
